<Solution>
  <Folder Name="/Solution Items/">
    <File Path=".editorconfig" />
    <File Path=".gitignore" />
    <File Path="Directory.Build.props" />
    <File Path="Directory.Packages.props" />
    <File Path="NuGet.Config" />
    <File Path="README.md" />
    <File Path="SECURITY.md" />
    <File Path="global.json" />
  </Folder>
  <Folder Name="/Solution Items/.github/">
    <File Path=".github/CODEOWNERS" />
    <File Path=".github/dependabot.yml" />
  </Folder>
  <Folder Name="/Solution Items/.github/workflows/">
    <File Path=".github/workflows/ci.yml" />
    <File Path=".github/workflows/codeql.yml" />
    <File Path=".github/workflows/release.yml" />
  </Folder>
  <Folder Name="/Solution Items/docs/">
    <File Path="docs/phase1-completion-report.md" />
    <File Path="docs/phase2-completion-report.md" />
  </Folder>
  <Folder Name="/Solution Items/docs/adr/">
    <File Path="docs/adr/0001-microkernel-boundary.md" />
    <File Path="docs/adr/0002-bundle-signing-and-store.md" />
    <File Path="docs/adr/0003-lifecycle-audit-and-recovery.md" />
    <File Path="docs/adr/0004-dependency-cardinality-and-selection.md" />
    <File Path="docs/adr/0005-scoped-binding-resolution.md" />
  </Folder>
  <Folder Name="/Solution Items/docs/operations/">
    <File Path="docs/operations/phase1-runbook.md" />
    <File Path="docs/operations/phase2-runbook.md" />
    <File Path="docs/operations/release.md" />
  </Folder>
  <Folder Name="/src/">
    <Project Path="src/Murchalka.Runtime.Contracts/Murchalka.Runtime.Contracts.csproj" />
    <Project Path="src/Murchalka.Runtime.Audit/Murchalka.Runtime.Audit.csproj" />
    <Project Path="src/Murchalka.Runtime.RootSecurity/Murchalka.Runtime.RootSecurity.csproj" />
    <Project Path="src/Murchalka.Runtime.ModuleStore/Murchalka.Runtime.ModuleStore.csproj" />
    <Project Path="src/Murchalka.Runtime.ModuleDiscovery/Murchalka.Runtime.ModuleDiscovery.csproj" />
    <Project Path="src/Murchalka.Runtime.ModuleGateway/Murchalka.Runtime.ModuleGateway.csproj" />
    <Project Path="src/Murchalka.Runtime.ModuleSupervisor/Murchalka.Runtime.ModuleSupervisor.csproj" />
    <Project Path="src/Murchalka.Runtime.Capabilities/Murchalka.Runtime.Capabilities.csproj" />
    <Project Path="src/Murchalka.Runtime.Dependencies/Murchalka.Runtime.Dependencies.csproj" />
    <Project Path="src/Murchalka.Runtime.Bindings/Murchalka.Runtime.Bindings.csproj" />
    <Project Path="src/Murchalka.Runtime.Kernel/Murchalka.Runtime.Kernel.csproj" />
    <Project Path="src/Murchalka.Runtime.Bootstrap/Murchalka.Runtime.Bootstrap.csproj" />
    <Project Path="src/Murchalka.Runtime.Host/Murchalka.Runtime.Host.csproj" />
  </Folder>
  <Folder Name="/tests/">
    <Project Path="tests/Murchalka.Runtime.Tests/Murchalka.Runtime.Tests.csproj" />
    <Project Path="tests/Murchalka.Runtime.TestModule/Murchalka.Runtime.TestModule.csproj" />
  </Folder>
</Solution>
